
Microsoft Visual Studio Solution File, Format Version 12.00
# Visual Studio 15
VisualStudioVersion = 15.0.28307.645
MinimumVisualStudioVersion = 10.0.40219.1
Project("{FAE04EC0-301F-11D3-BF4B-00C04F79EFBC}") = "LearnInc.Common.Web", "LearnInc.Common.Web\LearnInc.Common.Web.csproj", "{F415B97F-57A3-4A83-A754-995BE45E7787}"
EndProject
Global
	GlobalSection(SolutionConfigurationPlatforms) = preSolution
		Debug|Any CPU = Debug|Any CPU
		Release|Any CPU = Release|Any CPU
	EndGlobalSection
	GlobalSection(ProjectConfigurationPlatforms) = postSolution
		{F415B97F-57A3-4A83-A754-995BE45E7787}.Debug|Any CPU.ActiveCfg = Debug|Any CPU
		{F415B97F-57A3-4A83-A754-995BE45E7787}.Debug|Any CPU.Build.0 = Debug|Any CPU
		{F415B97F-57A3-4A83-A754-995BE45E7787}.Release|Any CPU.ActiveCfg = Release|Any CPU
		{F415B97F-57A3-4A83-A754-995BE45E7787}.Release|Any CPU.Build.0 = Release|Any CPU
	EndGlobalSection
	GlobalSection(SolutionProperties) = preSolution
		HideSolutionNode = FALSE
	EndGlobalSection
	GlobalSection(ExtensibilityGlobals) = postSolution
		SolutionGuid = {3C41E22D-F42C-4CA7-863B-2A1AEAA46FB8}
	EndGlobalSection
EndGlobal
